
Microsoft Visual Studio Solution File, Format Version 12.00
# Visual Studio Version 17
VisualStudioVersion = 17.5.33516.290
MinimumVisualStudioVersion = 10.0.40219.1
Project("{9A19103F-16F7-4668-BE54-9A1E7A4F7556}") = "MergeImage", "MergeImage\MergeImage.csproj", "{AF907C51-EE8D-4A3B-886D-6EAB6F554EA6}"
EndProject
Project("{FAE04EC0-301F-11D3-BF4B-00C04F79EFBC}") = "Components", "Components\Components.csproj", "{C399E2D0-30FB-4493-B6DE-F8F6E28BFE1E}"
EndProject
Global
	GlobalSection(SolutionConfigurationPlatforms) = preSolution
		Debug|Any CPU = Debug|Any CPU
		Release|Any CPU = Release|Any CPU
	EndGlobalSection
	GlobalSection(ProjectConfigurationPlatforms) = postSolution
		{AF907C51-EE8D-4A3B-886D-6EAB6F554EA6}.Debug|Any CPU.ActiveCfg = Debug|Any CPU
		{AF907C51-EE8D-4A3B-886D-6EAB6F554EA6}.Debug|Any CPU.Build.0 = Debug|Any CPU
		{AF907C51-EE8D-4A3B-886D-6EAB6F554EA6}.Release|Any CPU.ActiveCfg = Release|Any CPU
		{AF907C51-EE8D-4A3B-886D-6EAB6F554EA6}.Release|Any CPU.Build.0 = Release|Any CPU
		{C399E2D0-30FB-4493-B6DE-F8F6E28BFE1E}.Debug|Any CPU.ActiveCfg = Debug|Any CPU
		{C399E2D0-30FB-4493-B6DE-F8F6E28BFE1E}.Debug|Any CPU.Build.0 = Debug|Any CPU
		{C399E2D0-30FB-4493-B6DE-F8F6E28BFE1E}.Release|Any CPU.ActiveCfg = Release|Any CPU
		{C399E2D0-30FB-4493-B6DE-F8F6E28BFE1E}.Release|Any CPU.Build.0 = Release|Any CPU
	EndGlobalSection
	GlobalSection(SolutionProperties) = preSolution
		HideSolutionNode = FALSE
	EndGlobalSection
	GlobalSection(ExtensibilityGlobals) = postSolution
		SolutionGuid = {89821E16-8D84-4F5C-8C2C-A15B0C27C586}
	EndGlobalSection
EndGlobal
